
Microsoft Visual Studio Solution File, Format Version 12.00
# Visual Studio Version 17
VisualStudioVersion = 17.8.34330.188
MinimumVisualStudioVersion = 10.0.40219.1
Project("{FAE04EC0-301F-11D3-BF4B-00C04F79EFBC}") = "ChatServer", "..\..\..\..\source\repos\ChatServer\ChatServer\ChatServer.csproj", "{FE60DD78-19AD-4CCF-9A30-32DCE4FBB5EC}"
EndProject
Project("{FAE04EC0-301F-11D3-BF4B-00C04F79EFBC}") = "ChatClient", "..\..\..\..\source\repos\ChatServer\ChatClient\ChatClient.csproj", "{C83B5ACC-9A11-4741-9DDD-B30A3E1CFC20}"
EndProject
Global
	GlobalSection(SolutionConfigurationPlatforms) = preSolution
		Debug|Any CPU = Debug|Any CPU
		Release|Any CPU = Release|Any CPU
	EndGlobalSection
	GlobalSection(ProjectConfigurationPlatforms) = postSolution
		{FE60DD78-19AD-4CCF-9A30-32DCE4FBB5EC}.Debug|Any CPU.ActiveCfg = Debug|Any CPU
		{FE60DD78-19AD-4CCF-9A30-32DCE4FBB5EC}.Debug|Any CPU.Build.0 = Debug|Any CPU
		{FE60DD78-19AD-4CCF-9A30-32DCE4FBB5EC}.Release|Any CPU.ActiveCfg = Release|Any CPU
		{FE60DD78-19AD-4CCF-9A30-32DCE4FBB5EC}.Release|Any CPU.Build.0 = Release|Any CPU
		{C83B5ACC-9A11-4741-9DDD-B30A3E1CFC20}.Debug|Any CPU.ActiveCfg = Debug|Any CPU
		{C83B5ACC-9A11-4741-9DDD-B30A3E1CFC20}.Debug|Any CPU.Build.0 = Debug|Any CPU
		{C83B5ACC-9A11-4741-9DDD-B30A3E1CFC20}.Release|Any CPU.ActiveCfg = Release|Any CPU
		{C83B5ACC-9A11-4741-9DDD-B30A3E1CFC20}.Release|Any CPU.Build.0 = Release|Any CPU
	EndGlobalSection
	GlobalSection(SolutionProperties) = preSolution
		HideSolutionNode = FALSE
	EndGlobalSection
	GlobalSection(ExtensibilityGlobals) = postSolution
		SolutionGuid = {3DB81FC9-79EC-4B24-86AD-410CAECD9D3F}
	EndGlobalSection
EndGlobal
